
Microsoft Visual Studio Solution File, Format Version 12.00
# Visual Studio Version 17
VisualStudioVersion = 17.5.33516.290
MinimumVisualStudioVersion = 10.0.40219.1
Project("{FAE04EC0-301F-11D3-BF4B-00C04F79EFBC}") = "Exercício1", "Exercício1\Exercício1.csproj", "{604408C7-4E96-444F-936B-37682CF9EC1C}"
EndProject
Project("{FAE04EC0-301F-11D3-BF4B-00C04F79EFBC}") = "Exercício2", "Exercício2\Exercício2.csproj", "{DEC8C3F2-00C3-41F7-9E46-E9F68882AC36}"
EndProject
Project("{FAE04EC0-301F-11D3-BF4B-00C04F79EFBC}") = "Exercício3", "Exercício3\Exercício3.csproj", "{B9A5361D-3610-49CC-BB21-DE7BA4ED55DE}"
EndProject
Global
	GlobalSection(SolutionConfigurationPlatforms) = preSolution
		Debug|Any CPU = Debug|Any CPU
		Release|Any CPU = Release|Any CPU
	EndGlobalSection
	GlobalSection(ProjectConfigurationPlatforms) = postSolution
		{604408C7-4E96-444F-936B-37682CF9EC1C}.Debug|Any CPU.ActiveCfg = Debug|Any CPU
		{604408C7-4E96-444F-936B-37682CF9EC1C}.Debug|Any CPU.Build.0 = Debug|Any CPU
		{604408C7-4E96-444F-936B-37682CF9EC1C}.Release|Any CPU.ActiveCfg = Release|Any CPU
		{604408C7-4E96-444F-936B-37682CF9EC1C}.Release|Any CPU.Build.0 = Release|Any CPU
		{DEC8C3F2-00C3-41F7-9E46-E9F68882AC36}.Debug|Any CPU.ActiveCfg = Debug|Any CPU
		{DEC8C3F2-00C3-41F7-9E46-E9F68882AC36}.Debug|Any CPU.Build.0 = Debug|Any CPU
		{DEC8C3F2-00C3-41F7-9E46-E9F68882AC36}.Release|Any CPU.ActiveCfg = Release|Any CPU
		{DEC8C3F2-00C3-41F7-9E46-E9F68882AC36}.Release|Any CPU.Build.0 = Release|Any CPU
		{B9A5361D-3610-49CC-BB21-DE7BA4ED55DE}.Debug|Any CPU.ActiveCfg = Debug|Any CPU
		{B9A5361D-3610-49CC-BB21-DE7BA4ED55DE}.Debug|Any CPU.Build.0 = Debug|Any CPU
		{B9A5361D-3610-49CC-BB21-DE7BA4ED55DE}.Release|Any CPU.ActiveCfg = Release|Any CPU
		{B9A5361D-3610-49CC-BB21-DE7BA4ED55DE}.Release|Any CPU.Build.0 = Release|Any CPU
	EndGlobalSection
	GlobalSection(SolutionProperties) = preSolution
		HideSolutionNode = FALSE
	EndGlobalSection
	GlobalSection(ExtensibilityGlobals) = postSolution
		SolutionGuid = {83E1AFD9-62D5-4E52-8B3E-B2057BCF5925}
	EndGlobalSection
EndGlobal
