
Microsoft Visual Studio Solution File, Format Version 12.00
# Visual Studio Version 17
VisualStudioVersion = 17.9.34622.214
MinimumVisualStudioVersion = 10.0.40219.1
Project("{FAE04EC0-301F-11D3-BF4B-00C04F79EFBC}") = "Exercício001", "Exercício001\Exercício001.csproj", "{4958F2DB-442B-4B79-B7D0-809920DF4419}"
EndProject
Project("{FAE04EC0-301F-11D3-BF4B-00C04F79EFBC}") = "Exercício002", "Exercício002\Exercício002.csproj", "{8ABA4692-F581-48DC-B73B-6F9C1C9AC3EC}"
EndProject
Global
	GlobalSection(SolutionConfigurationPlatforms) = preSolution
		Debug|Any CPU = Debug|Any CPU
		Release|Any CPU = Release|Any CPU
	EndGlobalSection
	GlobalSection(ProjectConfigurationPlatforms) = postSolution
		{4958F2DB-442B-4B79-B7D0-809920DF4419}.Debug|Any CPU.ActiveCfg = Debug|Any CPU
		{4958F2DB-442B-4B79-B7D0-809920DF4419}.Debug|Any CPU.Build.0 = Debug|Any CPU
		{4958F2DB-442B-4B79-B7D0-809920DF4419}.Release|Any CPU.ActiveCfg = Release|Any CPU
		{4958F2DB-442B-4B79-B7D0-809920DF4419}.Release|Any CPU.Build.0 = Release|Any CPU
		{8ABA4692-F581-48DC-B73B-6F9C1C9AC3EC}.Debug|Any CPU.ActiveCfg = Debug|Any CPU
		{8ABA4692-F581-48DC-B73B-6F9C1C9AC3EC}.Debug|Any CPU.Build.0 = Debug|Any CPU
		{8ABA4692-F581-48DC-B73B-6F9C1C9AC3EC}.Release|Any CPU.ActiveCfg = Release|Any CPU
		{8ABA4692-F581-48DC-B73B-6F9C1C9AC3EC}.Release|Any CPU.Build.0 = Release|Any CPU
	EndGlobalSection
	GlobalSection(SolutionProperties) = preSolution
		HideSolutionNode = FALSE
	EndGlobalSection
	GlobalSection(ExtensibilityGlobals) = postSolution
		SolutionGuid = {5AC0BB1E-6F26-4AC1-B155-EAAA5804B6C0}
	EndGlobalSection
EndGlobal
