
Microsoft Visual Studio Solution File, Format Version 12.00
# Visual Studio Version 17
VisualStudioVersion = 17.8.34525.116
MinimumVisualStudioVersion = 10.0.40219.1
Project("{FAE04EC0-301F-11D3-BF4B-00C04F79EFBC}") = "Exercício001", "Exercício001\Exercício001.csproj", "{011E7DDE-DF75-4DC7-960D-93FB0E2B712A}"
EndProject
Global
	GlobalSection(SolutionConfigurationPlatforms) = preSolution
		Debug|Any CPU = Debug|Any CPU
		Release|Any CPU = Release|Any CPU
	EndGlobalSection
	GlobalSection(ProjectConfigurationPlatforms) = postSolution
		{011E7DDE-DF75-4DC7-960D-93FB0E2B712A}.Debug|Any CPU.ActiveCfg = Debug|Any CPU
		{011E7DDE-DF75-4DC7-960D-93FB0E2B712A}.Debug|Any CPU.Build.0 = Debug|Any CPU
		{011E7DDE-DF75-4DC7-960D-93FB0E2B712A}.Release|Any CPU.ActiveCfg = Release|Any CPU
		{011E7DDE-DF75-4DC7-960D-93FB0E2B712A}.Release|Any CPU.Build.0 = Release|Any CPU
	EndGlobalSection
	GlobalSection(SolutionProperties) = preSolution
		HideSolutionNode = FALSE
	EndGlobalSection
	GlobalSection(ExtensibilityGlobals) = postSolution
		SolutionGuid = {215DBBAE-03BC-423E-8200-F268BEAEA9C3}
	EndGlobalSection
EndGlobal
