
Microsoft Visual Studio Solution File, Format Version 12.00
# Visual Studio Version 17
VisualStudioVersion = 17.8.34525.116
MinimumVisualStudioVersion = 10.0.40219.1
Project("{FAE04EC0-301F-11D3-BF4B-00C04F79EFBC}") = "Exercício001", "Exercício001\Exercício001.csproj", "{41919BCA-7D92-4DF8-967D-851C5D16A9A2}"
EndProject
Project("{2150E333-8FDC-42A3-9474-1A3956D46DE8}") = "Itens de Solução", "Itens de Solução", "{ABF32A9A-125C-4860-90E9-BF3E49FA2228}"
	ProjectSection(SolutionItems) = preProject
		Exercícios Extras.txt = Exercícios Extras.txt
	EndProjectSection
EndProject
Project("{FAE04EC0-301F-11D3-BF4B-00C04F79EFBC}") = "Exercício001-Extra", "Exercício001-Extra\Exercício001-Extra.csproj", "{009B2948-5E07-46D0-8937-9150D3CF3804}"
EndProject
Project("{FAE04EC0-301F-11D3-BF4B-00C04F79EFBC}") = "Exercício002-Extra", "Exercício002-Extra\Exercício002-Extra.csproj", "{F5ECF16C-AFEE-4489-B442-174E0CB96A81}"
EndProject
Project("{FAE04EC0-301F-11D3-BF4B-00C04F79EFBC}") = "Exercício003-Extra", "Exercício003-Extra\Exercício003-Extra.csproj", "{AEDC30CE-DF3B-4524-8C22-D75B7BA03D0F}"
EndProject
Project("{FAE04EC0-301F-11D3-BF4B-00C04F79EFBC}") = "Exercício004-Extra", "Exercício004-Extra\Exercício004-Extra.csproj", "{98A40044-A408-4AA7-9962-2309A1E0D7FC}"
EndProject
Project("{FAE04EC0-301F-11D3-BF4B-00C04F79EFBC}") = "Exercício005-Extra", "Exercício005-Extra\Exercício005-Extra.csproj", "{1417F6C8-C329-465B-B961-CA825917F0C8}"
EndProject
Project("{FAE04EC0-301F-11D3-BF4B-00C04F79EFBC}") = "Exercício006-Extra", "Exercício006-Extra\Exercício006-Extra.csproj", "{94175545-77AF-47BC-AFC3-0079BDAB735E}"
EndProject
Project("{FAE04EC0-301F-11D3-BF4B-00C04F79EFBC}") = "Exercício007-Extra", "Exercício007-Extra\Exercício007-Extra.csproj", "{9FC42091-82C3-4E56-A977-5B241DF07559}"
EndProject
Project("{FAE04EC0-301F-11D3-BF4B-00C04F79EFBC}") = "Exercício008-Extra", "Exercício008-Extra\Exercício008-Extra.csproj", "{5174E9F8-58BA-4326-BE67-004765906DAE}"
EndProject
Project("{FAE04EC0-301F-11D3-BF4B-00C04F79EFBC}") = "Exercício009-Extra", "Exercício9-Extra\Exercício009-Extra.csproj", "{51016000-36D7-492C-8C17-6893FECD9DE9}"
EndProject
Global
	GlobalSection(SolutionConfigurationPlatforms) = preSolution
		Debug|Any CPU = Debug|Any CPU
		Release|Any CPU = Release|Any CPU
	EndGlobalSection
	GlobalSection(ProjectConfigurationPlatforms) = postSolution
		{41919BCA-7D92-4DF8-967D-851C5D16A9A2}.Debug|Any CPU.ActiveCfg = Debug|Any CPU
		{41919BCA-7D92-4DF8-967D-851C5D16A9A2}.Debug|Any CPU.Build.0 = Debug|Any CPU
		{41919BCA-7D92-4DF8-967D-851C5D16A9A2}.Release|Any CPU.ActiveCfg = Release|Any CPU
		{41919BCA-7D92-4DF8-967D-851C5D16A9A2}.Release|Any CPU.Build.0 = Release|Any CPU
		{009B2948-5E07-46D0-8937-9150D3CF3804}.Debug|Any CPU.ActiveCfg = Debug|Any CPU
		{009B2948-5E07-46D0-8937-9150D3CF3804}.Debug|Any CPU.Build.0 = Debug|Any CPU
		{009B2948-5E07-46D0-8937-9150D3CF3804}.Release|Any CPU.ActiveCfg = Release|Any CPU
		{009B2948-5E07-46D0-8937-9150D3CF3804}.Release|Any CPU.Build.0 = Release|Any CPU
		{F5ECF16C-AFEE-4489-B442-174E0CB96A81}.Debug|Any CPU.ActiveCfg = Debug|Any CPU
		{F5ECF16C-AFEE-4489-B442-174E0CB96A81}.Debug|Any CPU.Build.0 = Debug|Any CPU
		{F5ECF16C-AFEE-4489-B442-174E0CB96A81}.Release|Any CPU.ActiveCfg = Release|Any CPU
		{F5ECF16C-AFEE-4489-B442-174E0CB96A81}.Release|Any CPU.Build.0 = Release|Any CPU
		{AEDC30CE-DF3B-4524-8C22-D75B7BA03D0F}.Debug|Any CPU.ActiveCfg = Debug|Any CPU
		{AEDC30CE-DF3B-4524-8C22-D75B7BA03D0F}.Debug|Any CPU.Build.0 = Debug|Any CPU
		{AEDC30CE-DF3B-4524-8C22-D75B7BA03D0F}.Release|Any CPU.ActiveCfg = Release|Any CPU
		{AEDC30CE-DF3B-4524-8C22-D75B7BA03D0F}.Release|Any CPU.Build.0 = Release|Any CPU
		{98A40044-A408-4AA7-9962-2309A1E0D7FC}.Debug|Any CPU.ActiveCfg = Debug|Any CPU
		{98A40044-A408-4AA7-9962-2309A1E0D7FC}.Debug|Any CPU.Build.0 = Debug|Any CPU
		{98A40044-A408-4AA7-9962-2309A1E0D7FC}.Release|Any CPU.ActiveCfg = Release|Any CPU
		{98A40044-A408-4AA7-9962-2309A1E0D7FC}.Release|Any CPU.Build.0 = Release|Any CPU
		{1417F6C8-C329-465B-B961-CA825917F0C8}.Debug|Any CPU.ActiveCfg = Debug|Any CPU
		{1417F6C8-C329-465B-B961-CA825917F0C8}.Debug|Any CPU.Build.0 = Debug|Any CPU
		{1417F6C8-C329-465B-B961-CA825917F0C8}.Release|Any CPU.ActiveCfg = Release|Any CPU
		{1417F6C8-C329-465B-B961-CA825917F0C8}.Release|Any CPU.Build.0 = Release|Any CPU
		{94175545-77AF-47BC-AFC3-0079BDAB735E}.Debug|Any CPU.ActiveCfg = Debug|Any CPU
		{94175545-77AF-47BC-AFC3-0079BDAB735E}.Debug|Any CPU.Build.0 = Debug|Any CPU
		{94175545-77AF-47BC-AFC3-0079BDAB735E}.Release|Any CPU.ActiveCfg = Release|Any CPU
		{94175545-77AF-47BC-AFC3-0079BDAB735E}.Release|Any CPU.Build.0 = Release|Any CPU
		{9FC42091-82C3-4E56-A977-5B241DF07559}.Debug|Any CPU.ActiveCfg = Debug|Any CPU
		{9FC42091-82C3-4E56-A977-5B241DF07559}.Debug|Any CPU.Build.0 = Debug|Any CPU
		{9FC42091-82C3-4E56-A977-5B241DF07559}.Release|Any CPU.ActiveCfg = Release|Any CPU
		{9FC42091-82C3-4E56-A977-5B241DF07559}.Release|Any CPU.Build.0 = Release|Any CPU
		{5174E9F8-58BA-4326-BE67-004765906DAE}.Debug|Any CPU.ActiveCfg = Debug|Any CPU
		{5174E9F8-58BA-4326-BE67-004765906DAE}.Debug|Any CPU.Build.0 = Debug|Any CPU
		{5174E9F8-58BA-4326-BE67-004765906DAE}.Release|Any CPU.ActiveCfg = Release|Any CPU
		{5174E9F8-58BA-4326-BE67-004765906DAE}.Release|Any CPU.Build.0 = Release|Any CPU
		{51016000-36D7-492C-8C17-6893FECD9DE9}.Debug|Any CPU.ActiveCfg = Debug|Any CPU
		{51016000-36D7-492C-8C17-6893FECD9DE9}.Debug|Any CPU.Build.0 = Debug|Any CPU
		{51016000-36D7-492C-8C17-6893FECD9DE9}.Release|Any CPU.ActiveCfg = Release|Any CPU
		{51016000-36D7-492C-8C17-6893FECD9DE9}.Release|Any CPU.Build.0 = Release|Any CPU
	EndGlobalSection
	GlobalSection(SolutionProperties) = preSolution
		HideSolutionNode = FALSE
	EndGlobalSection
	GlobalSection(NestedProjects) = preSolution
		{009B2948-5E07-46D0-8937-9150D3CF3804} = {ABF32A9A-125C-4860-90E9-BF3E49FA2228}
		{F5ECF16C-AFEE-4489-B442-174E0CB96A81} = {ABF32A9A-125C-4860-90E9-BF3E49FA2228}
		{AEDC30CE-DF3B-4524-8C22-D75B7BA03D0F} = {ABF32A9A-125C-4860-90E9-BF3E49FA2228}
		{98A40044-A408-4AA7-9962-2309A1E0D7FC} = {ABF32A9A-125C-4860-90E9-BF3E49FA2228}
		{1417F6C8-C329-465B-B961-CA825917F0C8} = {ABF32A9A-125C-4860-90E9-BF3E49FA2228}
		{94175545-77AF-47BC-AFC3-0079BDAB735E} = {ABF32A9A-125C-4860-90E9-BF3E49FA2228}
		{9FC42091-82C3-4E56-A977-5B241DF07559} = {ABF32A9A-125C-4860-90E9-BF3E49FA2228}
		{5174E9F8-58BA-4326-BE67-004765906DAE} = {ABF32A9A-125C-4860-90E9-BF3E49FA2228}
		{51016000-36D7-492C-8C17-6893FECD9DE9} = {ABF32A9A-125C-4860-90E9-BF3E49FA2228}
	EndGlobalSection
	GlobalSection(ExtensibilityGlobals) = postSolution
		SolutionGuid = {37F0736A-F428-4DE3-9F98-DD7107B0179B}
	EndGlobalSection
EndGlobal
