
Microsoft Visual Studio Solution File, Format Version 12.00
# Visual Studio Version 17
VisualStudioVersion = 17.8.34525.116
MinimumVisualStudioVersion = 10.0.40219.1
Project("{FAE04EC0-301F-11D3-BF4B-00C04F79EFBC}") = "Exercício001", "Exercício001\Exercício001.csproj", "{5B97B336-5A4B-46A1-86FD-BC8E9722F29C}"
EndProject
Project("{FAE04EC0-301F-11D3-BF4B-00C04F79EFBC}") = "Exercício002", "Exercício002\Exercício002.csproj", "{A9A0ABC9-4075-4B9C-ADD5-48EE598F3099}"
EndProject
Project("{FAE04EC0-301F-11D3-BF4B-00C04F79EFBC}") = "Exercício003", "Exercício003\Exercício003.csproj", "{C02BE066-7591-4AA7-8EB2-6EE2AD066252}"
EndProject
Project("{FAE04EC0-301F-11D3-BF4B-00C04F79EFBC}") = "Exercício004", "Exercício004\Exercício004.csproj", "{7892E0A6-1E33-4CDA-8EB6-952F1A528C54}"
EndProject
Project("{FAE04EC0-301F-11D3-BF4B-00C04F79EFBC}") = "Exercício005", "Exercício005\Exercício005.csproj", "{C9304CCC-9759-4358-9C73-0569A745E9E2}"
EndProject
Project("{FAE04EC0-301F-11D3-BF4B-00C04F79EFBC}") = "Exercício006", "Exercício006\Exercício006.csproj", "{0A7B5CE8-9665-4104-8149-ABAF9726ACA5}"
EndProject
Global
	GlobalSection(SolutionConfigurationPlatforms) = preSolution
		Debug|Any CPU = Debug|Any CPU
		Release|Any CPU = Release|Any CPU
	EndGlobalSection
	GlobalSection(ProjectConfigurationPlatforms) = postSolution
		{5B97B336-5A4B-46A1-86FD-BC8E9722F29C}.Debug|Any CPU.ActiveCfg = Debug|Any CPU
		{5B97B336-5A4B-46A1-86FD-BC8E9722F29C}.Debug|Any CPU.Build.0 = Debug|Any CPU
		{5B97B336-5A4B-46A1-86FD-BC8E9722F29C}.Release|Any CPU.ActiveCfg = Release|Any CPU
		{5B97B336-5A4B-46A1-86FD-BC8E9722F29C}.Release|Any CPU.Build.0 = Release|Any CPU
		{A9A0ABC9-4075-4B9C-ADD5-48EE598F3099}.Debug|Any CPU.ActiveCfg = Debug|Any CPU
		{A9A0ABC9-4075-4B9C-ADD5-48EE598F3099}.Debug|Any CPU.Build.0 = Debug|Any CPU
		{A9A0ABC9-4075-4B9C-ADD5-48EE598F3099}.Release|Any CPU.ActiveCfg = Release|Any CPU
		{A9A0ABC9-4075-4B9C-ADD5-48EE598F3099}.Release|Any CPU.Build.0 = Release|Any CPU
		{C02BE066-7591-4AA7-8EB2-6EE2AD066252}.Debug|Any CPU.ActiveCfg = Debug|Any CPU
		{C02BE066-7591-4AA7-8EB2-6EE2AD066252}.Debug|Any CPU.Build.0 = Debug|Any CPU
		{C02BE066-7591-4AA7-8EB2-6EE2AD066252}.Release|Any CPU.ActiveCfg = Release|Any CPU
		{C02BE066-7591-4AA7-8EB2-6EE2AD066252}.Release|Any CPU.Build.0 = Release|Any CPU
		{7892E0A6-1E33-4CDA-8EB6-952F1A528C54}.Debug|Any CPU.ActiveCfg = Debug|Any CPU
		{7892E0A6-1E33-4CDA-8EB6-952F1A528C54}.Debug|Any CPU.Build.0 = Debug|Any CPU
		{7892E0A6-1E33-4CDA-8EB6-952F1A528C54}.Release|Any CPU.ActiveCfg = Release|Any CPU
		{7892E0A6-1E33-4CDA-8EB6-952F1A528C54}.Release|Any CPU.Build.0 = Release|Any CPU
		{C9304CCC-9759-4358-9C73-0569A745E9E2}.Debug|Any CPU.ActiveCfg = Debug|Any CPU
		{C9304CCC-9759-4358-9C73-0569A745E9E2}.Debug|Any CPU.Build.0 = Debug|Any CPU
		{C9304CCC-9759-4358-9C73-0569A745E9E2}.Release|Any CPU.ActiveCfg = Release|Any CPU
		{C9304CCC-9759-4358-9C73-0569A745E9E2}.Release|Any CPU.Build.0 = Release|Any CPU
		{0A7B5CE8-9665-4104-8149-ABAF9726ACA5}.Debug|Any CPU.ActiveCfg = Debug|Any CPU
		{0A7B5CE8-9665-4104-8149-ABAF9726ACA5}.Debug|Any CPU.Build.0 = Debug|Any CPU
		{0A7B5CE8-9665-4104-8149-ABAF9726ACA5}.Release|Any CPU.ActiveCfg = Release|Any CPU
		{0A7B5CE8-9665-4104-8149-ABAF9726ACA5}.Release|Any CPU.Build.0 = Release|Any CPU
	EndGlobalSection
	GlobalSection(SolutionProperties) = preSolution
		HideSolutionNode = FALSE
	EndGlobalSection
	GlobalSection(ExtensibilityGlobals) = postSolution
		SolutionGuid = {2A3DEFCC-FBF2-4ABB-8631-D8CA13F23528}
	EndGlobalSection
EndGlobal
