
Microsoft Visual Studio Solution File, Format Version 12.00
# Visual Studio Version 17
VisualStudioVersion = 17.8.34525.116
MinimumVisualStudioVersion = 10.0.40219.1
Project("{FAE04EC0-301F-11D3-BF4B-00C04F79EFBC}") = "Exercício001", "Exercício001\Exercício001.csproj", "{A13FAB3F-3279-4D9D-B0BC-4367473856E0}"
EndProject
Project("{FAE04EC0-301F-11D3-BF4B-00C04F79EFBC}") = "Exercício002", "Exercício002\Exercício002.csproj", "{23C43692-B19C-4A5B-92C0-C6F9909E03EE}"
EndProject
Project("{FAE04EC0-301F-11D3-BF4B-00C04F79EFBC}") = "Exercício003", "Exercício003\Exercício003.csproj", "{0872DC3D-BB36-4ADD-A98A-4258059738DE}"
EndProject
Global
	GlobalSection(SolutionConfigurationPlatforms) = preSolution
		Debug|Any CPU = Debug|Any CPU
		Release|Any CPU = Release|Any CPU
	EndGlobalSection
	GlobalSection(ProjectConfigurationPlatforms) = postSolution
		{A13FAB3F-3279-4D9D-B0BC-4367473856E0}.Debug|Any CPU.ActiveCfg = Debug|Any CPU
		{A13FAB3F-3279-4D9D-B0BC-4367473856E0}.Debug|Any CPU.Build.0 = Debug|Any CPU
		{A13FAB3F-3279-4D9D-B0BC-4367473856E0}.Release|Any CPU.ActiveCfg = Release|Any CPU
		{A13FAB3F-3279-4D9D-B0BC-4367473856E0}.Release|Any CPU.Build.0 = Release|Any CPU
		{23C43692-B19C-4A5B-92C0-C6F9909E03EE}.Debug|Any CPU.ActiveCfg = Debug|Any CPU
		{23C43692-B19C-4A5B-92C0-C6F9909E03EE}.Debug|Any CPU.Build.0 = Debug|Any CPU
		{23C43692-B19C-4A5B-92C0-C6F9909E03EE}.Release|Any CPU.ActiveCfg = Release|Any CPU
		{23C43692-B19C-4A5B-92C0-C6F9909E03EE}.Release|Any CPU.Build.0 = Release|Any CPU
		{0872DC3D-BB36-4ADD-A98A-4258059738DE}.Debug|Any CPU.ActiveCfg = Debug|Any CPU
		{0872DC3D-BB36-4ADD-A98A-4258059738DE}.Debug|Any CPU.Build.0 = Debug|Any CPU
		{0872DC3D-BB36-4ADD-A98A-4258059738DE}.Release|Any CPU.ActiveCfg = Release|Any CPU
		{0872DC3D-BB36-4ADD-A98A-4258059738DE}.Release|Any CPU.Build.0 = Release|Any CPU
	EndGlobalSection
	GlobalSection(SolutionProperties) = preSolution
		HideSolutionNode = FALSE
	EndGlobalSection
	GlobalSection(ExtensibilityGlobals) = postSolution
		SolutionGuid = {FF0E998C-D08C-4E09-A941-DB25CF4F19CE}
	EndGlobalSection
EndGlobal
